{
  "name": "ai-getting-started",
  "version": "0.0.0",
  "lockfileVersion": 3,
  "requires": true,
  "packages": {
    "": {
 "name": "ai-getting-started",
      "version": "0.0.0",
 "dependencies": {
        "@clerk/clerk-sdk-node": "^4.10.12",
 "@clerk/nextjs": "^4.21.9-snapshot.56dc3e3",
        "@headlessui/react": "^1.7.15",
 "@pinecone-database/pinecone": "^0.1.6",
